version = 1
revision = 2
requires-python = ">=3.11"

[[package]]
name = "async-timeout"
version = "5.0.1"
source = { registry = "https://pypi.org/simple" }
sdist = { url = "https://files.pythonhosted.org/packages/a5/ae/136395dfbfe00dfc94da3f3e136d0b13f394cba8f4841120e34226265780/async_timeout-5.0.1.tar.gz", hash = "sha256:d9321a7a3d5a6a5e187e824d2fa0793ce379a202935782d555d6e9d2735677d3", size = 9274, upload-time = "2024-11-06T16:41:39.6Z" }
wheels = [
    { url = "https://files.pythonhosted.org/packages/fe/ba/e2081de779ca30d473f21f5b30e0e737c438205440784c7dfc81efc2b029/async_timeout-5.0.1-py3-none-any.whl", hash = "sha256:39e3809566ff85354557ec2398b55e096c8364bacac9405a7a1fa429e77fe76c", size = 6233, upload-time = "2024-11-06T16:41:37.9Z" },
]

[[package]]
name = "hiredis"
version = "3.2.1"
source = { registry = "https://pypi.org/simple" }
sdist = { url = "https://files.pythonhosted.org/packages/f7/08/24b72f425b75e1de7442fb1740f69ca66d5820b9f9c0e2511ff9aadab3b7/hiredis-3.2.1.tar.gz", hash = "sha256:5a5f64479bf04dd829fe7029fad0ea043eac4023abc6e946668cbbec3493a78d", size = 89096, upload-time = "2025-05-23T11:41:57.227Z" }
wheels = [
    { url = "https://files.pythonhosted.org/packages/48/84/2ea9636f2ba0811d9eb3bebbbfa84f488238180ddab70c9cb7fa13419d78/hiredis-3.2.1-cp311-cp311-macosx_10_15_universal2.whl", hash = "sha256:e4ae0be44cab5e74e6e4c4a93d04784629a45e781ff483b136cc9e1b9c23975c", size = 82425, upload-time = "2025-05-23T11:39:54.135Z" },
    { url = "https://files.pythonhosted.org/packages/fc/24/b9ebf766a99998fda3975937afa4912e98de9d7f8d0b83f48096bdd961c1/hiredis-3.2.1-cp311-cp311-macosx_10_15_x86_64.whl", hash = "sha256:24647e84c9f552934eb60b7f3d2116f8b64a7020361da9369e558935ca45914d", size = 45231, upload-time = "2025-05-23T11:39:55.455Z" },
    { url = "https://files.pythonhosted.org/packages/68/4c/c009b4d9abeb964d607f0987561892d1589907f770b9e5617552b34a4a4d/hiredis-3.2.1-cp311-cp311-macosx_11_0_arm64.whl", hash = "sha256:6fb3e92d1172da8decc5f836bf8b528c0fc9b6d449f1353e79ceeb9dc1801132", size = 43240, upload-time = "2025-05-23T11:39:57.8Z" },
    { url = "https://files.pythonhosted.org/packages/e9/83/d53f3ae9e4ac51b8a35afb7ccd68db871396ed1d7c8ba02ce2c30de0cf17/hiredis-3.2.1-cp311-cp311-manylinux_2_17_aarch64.manylinux2014_aarch64.whl", hash = "sha256:38ba7a32e51e518b6b3e470142e52ed2674558e04d7d73d86eb19ebcb37d7d40", size = 169624, upload-time = "2025-05-23T11:40:00.055Z" },
    { url = "https://files.pythonhosted.org/packages/91/2f/f9f091526e22a45385d45f3870204dc78aee365b6fe32e679e65674da6a7/hiredis-3.2.1-cp311-cp311-manylinux_2_17_i686.manylinux2014_i686.whl", hash = "sha256:4fc632be73174891d6bb71480247e57b2fd8f572059f0a1153e4d0339e919779", size = 165799, upload-time = "2025-05-23T11:40:01.194Z" },
    { url = "https://files.pythonhosted.org/packages/1c/cc/e561274438cdb19794f0638136a5a99a9ca19affcb42679b12a78016b8ad/hiredis-3.2.1-cp311-cp311-manylinux_2_17_ppc64le.manylinux2014_ppc64le.whl", hash = "sha256:f03e6839ff21379ad3c195e0700fc9c209e7f344946dea0f8a6d7b5137a2a141", size = 180612, upload-time = "2025-05-23T11:40:02.385Z" },
    { url = "https://files.pythonhosted.org/packages/83/ba/a8a989f465191d55672e57aea2a331bfa3a74b5cbc6f590031c9e11f7491/hiredis-3.2.1-cp311-cp311-manylinux_2_17_s390x.manylinux2014_s390x.whl", hash = "sha256:99983873e37c71bb71deb544670ff4f9d6920dab272aaf52365606d87a4d6c73", size = 169934, upload-time = "2025-05-23T11:40:03.524Z" },
    { url = "https://files.pythonhosted.org/packages/52/5f/1148e965df1c67b17bdcaef199f54aec3def0955d19660a39c6ee10a6f55/hiredis-3.2.1-cp311-cp311-manylinux_2_17_x86_64.manylinux2014_x86_64.whl", hash = "sha256:ffd982c419f48e3a57f592678c72474429465bb4bfc96472ec805f5d836523f0", size = 170074, upload-time = "2025-05-23T11:40:04.618Z" },
    { url = "https://files.pythonhosted.org/packages/43/5e/e6846ad159a938b539fb8d472e2e68cb6758d7c9454ea0520211f335ea72/hiredis-3.2.1-cp311-cp311-musllinux_1_2_aarch64.whl", hash = "sha256:bc993f4aa4abc029347f309e722f122e05a3b8a0c279ae612849b5cc9dc69f2d", size = 164158, upload-time = "2025-05-23T11:40:05.653Z" },
    { url = "https://files.pythonhosted.org/packages/0a/a1/5891e0615f0993f194c1b51a65aaac063b0db318a70df001b28e49f0579d/hiredis-3.2.1-cp311-cp311-musllinux_1_2_i686.whl", hash = "sha256:dde790d420081f18b5949227649ccb3ed991459df33279419a25fcae7f97cd92", size = 162591, upload-time = "2025-05-23T11:40:07.041Z" },
    { url = "https://files.pythonhosted.org/packages/d4/da/8bce52ca81716f53c1014f689aea4c170ba6411e6848f81a1bed1fc375eb/hiredis-3.2.1-cp311-cp311-musllinux_1_2_ppc64le.whl", hash = "sha256:b0c8cae7edbef860afcf3177b705aef43e10b5628f14d5baf0ec69668247d08d", size = 174808, upload-time = "2025-05-23T11:40:09.146Z" },
    { url = "https://files.pythonhosted.org/packages/84/91/fc1ef444ed4dc432b5da9b48e9bd23266c703528db7be19e2b608d67ba06/hiredis-3.2.1-cp311-cp311-musllinux_1_2_s390x.whl", hash = "sha256:e8a90eaca7e1ce7f175584f07a2cdbbcab13f4863f9f355d7895c4d28805f65b", size = 167060, upload-time = "2025-05-23T11:40:10.757Z" },
    { url = "https://files.pythonhosted.org/packages/66/ad/beebf73a5455f232b97e00564d1e8ad095d4c6e18858c60c6cfdd893ac1e/hiredis-3.2.1-cp311-cp311-musllinux_1_2_x86_64.whl", hash = "sha256:476031958fa44e245e803827e0787d49740daa4de708fe514370293ce519893a", size = 164833, upload-time = "2025-05-23T11:40:12.001Z" },
    { url = "https://files.pythonhosted.org/packages/75/79/a9591bdc0148c0fbdf54cf6f3d449932d3b3b8779e87f33fa100a5a8088f/hiredis-3.2.1-cp311-cp311-win32.whl", hash = "sha256:eb3f5df2a9593b4b4b676dce3cea53b9c6969fc372875188589ddf2bafc7f624", size = 20402, upload-time = "2025-05-23T11:40:13.216Z" },
    { url = "https://files.pythonhosted.org/packages/9f/05/c93cc6fab31e3c01b671126c82f44372fb211facb8bd4571fd372f50898d/hiredis-3.2.1-cp311-cp311-win_amd64.whl", hash = "sha256:1402e763d8a9fdfcc103bbf8b2913971c0a3f7b8a73deacbda3dfe5f3a9d1e0b", size = 22085, upload-time = "2025-05-23T11:40:14.19Z" },
    { url = "https://files.pythonhosted.org/packages/60/a1/6da1578a22df1926497f7a3f6a3d2408fe1d1559f762c1640af5762a8eb6/hiredis-3.2.1-cp312-cp312-macosx_10_15_universal2.whl", hash = "sha256:3742d8b17e73c198cabeab11da35f2e2a81999d406f52c6275234592256bf8e8", size = 82627, upload-time = "2025-05-23T11:40:15.362Z" },
    { url = "https://files.pythonhosted.org/packages/6c/b1/1056558ca8dc330be5bb25162fe5f268fee71571c9a535153df9f871a073/hiredis-3.2.1-cp312-cp312-macosx_10_15_x86_64.whl", hash = "sha256:9c2f3176fb617a79f6cccf22cb7d2715e590acb534af6a82b41f8196ad59375d", size = 45404, upload-time = "2025-05-23T11:40:16.72Z" },
    { url = "https://files.pythonhosted.org/packages/58/4f/13d1fa1a6b02a99e9fed8f546396f2d598c3613c98e6c399a3284fa65361/hiredis-3.2.1-cp312-cp312-macosx_11_0_arm64.whl", hash = "sha256:a8bd46189c7fa46174e02670dc44dfecb60f5bd4b67ed88cb050d8f1fd842f09", size = 43299, upload-time = "2025-05-23T11:40:17.697Z" },
    { url = "https://files.pythonhosted.org/packages/c0/25/ddfac123ba5a32eb1f0b40ba1b2ec98a599287f7439def8856c3c7e5dd0d/hiredis-3.2.1-cp312-cp312-manylinux_2_17_aarch64.manylinux2014_aarch64.whl", hash = "sha256:f86ee4488c8575b58139cdfdddeae17f91e9a893ffee20260822add443592e2f", size = 172194, upload-time = "2025-05-23T11:40:19.143Z" },
    { url = "https://files.pythonhosted.org/packages/2c/1e/443a3703ce570b631ca43494094fbaeb051578a0ebe4bfcefde351e1ba25/hiredis-3.2.1-cp312-cp312-manylinux_2_17_i686.manylinux2014_i686.whl", hash = "sha256:3717832f4a557b2fe7060b9d4a7900e5de287a15595e398c3f04df69019ca69d", size = 168429, upload-time = "2025-05-23T11:40:20.329Z" },
    { url = "https://files.pythonhosted.org/packages/3b/d6/0d8c6c706ed79b2298c001b5458c055615e3166533dcee3900e821a18a3e/hiredis-3.2.1-cp312-cp312-manylinux_2_17_ppc64le.manylinux2014_ppc64le.whl", hash = "sha256:e5cb12c21fb9e2403d28c4e6a38120164973342d34d08120f2d7009b66785644", size = 182967, upload-time = "2025-05-23T11:40:21.921Z" },
    { url = "https://files.pythonhosted.org/packages/da/68/da8dd231fbce858b5a20ab7d7bf558912cd125f08bac4c778865ef5fe2c2/hiredis-3.2.1-cp312-cp312-manylinux_2_17_s390x.manylinux2014_s390x.whl", hash = "sha256:080fda1510bbd389af91f919c11a4f2aa4d92f0684afa4709236faa084a42cac", size = 172495, upload-time = "2025-05-23T11:40:23.105Z" },
    { url = "https://files.pythonhosted.org/packages/65/25/83a31420535e2778662caa95533d5c997011fa6a88331f0cdb22afea9ec3/hiredis-3.2.1-cp312-cp312-manylinux_2_17_x86_64.manylinux2014_x86_64.whl", hash = "sha256:1252e10a1f3273d1c6bf2021e461652c2e11b05b83e0915d6eb540ec7539afe2", size = 173142, upload-time = "2025-05-23T11:40:24.24Z" },
    { url = "https://files.pythonhosted.org/packages/41/d7/cb907348889eb75e2aa2e6b63e065b611459e0f21fe1e371a968e13f0d55/hiredis-3.2.1-cp312-cp312-musllinux_1_2_aarch64.whl", hash = "sha256:d9e320e99ab7d2a30dc91ff6f745ba38d39b23f43d345cdee9881329d7b511d6", size = 166433, upload-time = "2025-05-23T11:40:25.287Z" },
    { url = "https://files.pythonhosted.org/packages/01/5d/7cbc69d82af7b29a95723d50f5261555ba3d024bfbdc414bdc3d23c0defb/hiredis-3.2.1-cp312-cp312-musllinux_1_2_i686.whl", hash = "sha256:641668f385f16550fdd6fdc109b0af6988b94ba2acc06770a5e06a16e88f320c", size = 164883, upload-time = "2025-05-23T11:40:26.454Z" },
    { url = "https://files.pythonhosted.org/packages/f9/00/f995b1296b1d7e0247651347aa230f3225a9800e504fdf553cf7cd001cf7/hiredis-3.2.1-cp312-cp312-musllinux_1_2_ppc64le.whl", hash = "sha256:1e1f44208c39d6c345ff451f82f21e9eeda6fe9af4ac65972cc3eeb58d41f7cb", size = 177262, upload-time = "2025-05-23T11:40:27.576Z" },
    { url = "https://files.pythonhosted.org/packages/c5/f3/723a67d729e94764ce9e0d73fa5f72a0f87d3ce3c98c9a0b27cbf001cc79/hiredis-3.2.1-cp312-cp312-musllinux_1_2_s390x.whl", hash = "sha256:f882a0d6415fffe1ffcb09e6281d0ba8b1ece470e866612bbb24425bf76cf397", size = 169619, upload-time = "2025-05-23T11:40:29.671Z" },
    { url = "https://files.pythonhosted.org/packages/45/58/f69028df00fb1b223e221403f3be2059ae86031e7885f955d26236bdfc17/hiredis-3.2.1-cp312-cp312-musllinux_1_2_x86_64.whl", hash = "sha256:b4e78719a0730ebffe335528531d154bc8867a246418f74ecd88adbc4d938c49", size = 167303, upload-time = "2025-05-23T11:40:30.902Z" },
    { url = "https://files.pythonhosted.org/packages/2b/7d/567411e65cce76cf265a9a4f837fd2ebc564bef6368dd42ac03f7a517c0a/hiredis-3.2.1-cp312-cp312-win32.whl", hash = "sha256:33c4604d9f79a13b84da79950a8255433fca7edaf292bbd3364fd620864ed7b2", size = 20551, upload-time = "2025-05-23T11:40:32.69Z" },
    { url = "https://files.pythonhosted.org/packages/90/74/b4c291eb4a4a874b3690ff9fc311a65d5292072556421b11b1d786e3e1d0/hiredis-3.2.1-cp312-cp312-win_amd64.whl", hash = "sha256:7b9749375bf9d171aab8813694f379f2cff0330d7424000f5e92890ad4932dc9", size = 22128, upload-time = "2025-05-23T11:40:33.686Z" },
    { url = "https://files.pythonhosted.org/packages/47/91/c07e737288e891c974277b9fa090f0a43c72ab6ccb5182117588f1c01269/hiredis-3.2.1-cp313-cp313-macosx_10_15_universal2.whl", hash = "sha256:7cabf7f1f06be221e1cbed1f34f00891a7bdfad05b23e4d315007dd42148f3d4", size = 82636, upload-time = "2025-05-23T11:40:35.035Z" },
    { url = "https://files.pythonhosted.org/packages/92/20/02cb1820360eda419bc17eb835eca976079e2b3e48aecc5de0666b79a54c/hiredis-3.2.1-cp313-cp313-macosx_10_15_x86_64.whl", hash = "sha256:db85cb86f8114c314d0ec6d8de25b060a2590b4713135240d568da4f7dea97ac", size = 45404, upload-time = "2025-05-23T11:40:36.113Z" },
    { url = "https://files.pythonhosted.org/packages/87/51/d30a4aadab8670ed9d40df4982bc06c891ee1da5cdd88d16a74e1ecbd520/hiredis-3.2.1-cp313-cp313-macosx_11_0_arm64.whl", hash = "sha256:c9a592a49b7b8497e4e62c3ff40700d0c7f1a42d145b71e3e23c385df573c964", size = 43301, upload-time = "2025-05-23T11:40:37.557Z" },
    { url = "https://files.pythonhosted.org/packages/f7/7b/2c613e1bb5c2e2bac36e8befeefdd58b42816befb17e26ab600adfe337fb/hiredis-3.2.1-cp313-cp313-manylinux_2_17_aarch64.manylinux2014_aarch64.whl", hash = "sha256:0079ef1e03930b364556b78548e67236ab3def4e07e674f6adfc52944aa972dd", size = 172486, upload-time = "2025-05-23T11:40:38.659Z" },
    { url = "https://files.pythonhosted.org/packages/1e/df/8f2c4fcc28d6f5178b25ee1ba2157cc473f9908c16ce4b8e0bdd79e38b05/hiredis-3.2.1-cp313-cp313-manylinux_2_17_i686.manylinux2014_i686.whl", hash = "sha256:1d6a290ed45d9c14f4c50b6bda07afb60f270c69b5cb626fd23a4c2fde9e3da1", size = 168532, upload-time = "2025-05-23T11:40:39.843Z" },
    { url = "https://files.pythonhosted.org/packages/88/ae/d0864ffaa0461e29a6940a11c858daf78c99476c06ed531b41ad2255ec25/hiredis-3.2.1-cp313-cp313-manylinux_2_17_ppc64le.manylinux2014_ppc64le.whl", hash = "sha256:79dd5fe8c0892769f82949adeb021342ca46871af26e26945eb55d044fcdf0d0", size = 183216, upload-time = "2025-05-23T11:40:41.005Z" },
    { url = "https://files.pythonhosted.org/packages/75/17/558e831b77692d73f5bcf8b493ab3eace9f11b0aa08839cdbb87995152c7/hiredis-3.2.1-cp313-cp313-manylinux_2_17_s390x.manylinux2014_s390x.whl", hash = "sha256:998a82281a159f4aebbfd4fb45cfe24eb111145206df2951d95bc75327983b58", size = 172689, upload-time = "2025-05-23T11:40:42.153Z" },
    { url = "https://files.pythonhosted.org/packages/35/b9/4fccda21f930f08c5072ad51e825d85d457748138443d7b510afe77b8264/hiredis-3.2.1-cp313-cp313-manylinux_2_17_x86_64.manylinux2014_x86_64.whl", hash = "sha256:41fc3cd52368ffe7c8e489fb83af5e99f86008ed7f9d9ba33b35fec54f215c0a", size = 173319, upload-time = "2025-05-23T11:40:43.328Z" },
    { url = "https://files.pythonhosted.org/packages/3d/8b/596d613588b0a3c58dfcf9a17edc6a886c4de6a3096e27c7142a94e2304d/hiredis-3.2.1-cp313-cp313-musllinux_1_2_aarch64.whl", hash = "sha256:8d10df3575ce09b0fa54b8582f57039dcbdafde5de698923a33f601d2e2a246c", size = 166695, upload-time = "2025-05-23T11:40:44.453Z" },
    { url = "https://files.pythonhosted.org/packages/e7/5b/6a1c266e9f6627a8be1fa0d8622e35e35c76ae40cce6d1c78a7e6021184a/hiredis-3.2.1-cp313-cp313-musllinux_1_2_i686.whl", hash = "sha256:1ab010d04be33735ad8e643a40af0d68a21d70a57b1d0bff9b6a66b28cca9dbf", size = 165181, upload-time = "2025-05-23T11:40:45.697Z" },
    { url = "https://files.pythonhosted.org/packages/6c/70/a9b91fa70d21763d9dfd1c27ddd378f130749a0ae4a0645552f754b3d1fc/hiredis-3.2.1-cp313-cp313-musllinux_1_2_ppc64le.whl", hash = "sha256:ec3b5f9ea34f70aaba3e061cbe1fa3556fea401d41f5af321b13e326792f3017", size = 177589, upload-time = "2025-05-23T11:40:46.903Z" },
    { url = "https://files.pythonhosted.org/packages/1a/c7/31bbb015156dc4441f6e19daa9598266a61445bf3f6e14c44292764638f6/hiredis-3.2.1-cp313-cp313-musllinux_1_2_s390x.whl", hash = "sha256:158dfb505fff6bffd17f823a56effc0c2a7a8bc4fb659d79a52782f22eefc697", size = 169883, upload-time = "2025-05-23T11:40:48.111Z" },
    { url = "https://files.pythonhosted.org/packages/89/44/cddc23379e0ce20ad7514b2adb2aa2c9b470ffb1ca0a2d8c020748962a22/hiredis-3.2.1-cp313-cp313-musllinux_1_2_x86_64.whl", hash = "sha256:9d632cd0ddd7895081be76748e6fb9286f81d2a51c371b516541c6324f2fdac9", size = 167585, upload-time = "2025-05-23T11:40:49.208Z" },
    { url = "https://files.pythonhosted.org/packages/48/92/8fc9b981ed01fc2bbac463a203455cd493482b749801bb555ebac72923f1/hiredis-3.2.1-cp313-cp313-win32.whl", hash = "sha256:e9726d03e7df068bf755f6d1ecc61f7fc35c6b20363c7b1b96f39a14083df940", size = 20554, upload-time = "2025-05-23T11:40:50.314Z" },
    { url = "https://files.pythonhosted.org/packages/e1/6e/e76341d68aa717a705a2ee3be6da9f4122a0d1e3f3ad93a7104ed7a81bea/hiredis-3.2.1-cp313-cp313-win_amd64.whl", hash = "sha256:b5b1653ad7263a001f2e907e81a957d6087625f9700fa404f1a2268c0a4f9059", size = 22136, upload-time = "2025-05-23T11:40:51.497Z" },
]

[[package]]
name = "python-dotenv"
version = "1.1.0"
source = { registry = "https://pypi.org/simple" }
sdist = { url = "https://files.pythonhosted.org/packages/88/2c/7bb1416c5620485aa793f2de31d3df393d3686aa8a8506d11e10e13c5baf/python_dotenv-1.1.0.tar.gz", hash = "sha256:41f90bc6f5f177fb41f53e87666db362025010eb28f60a01c9143bfa33a2b2d5", size = 39920, upload-time = "2025-03-25T10:14:56.835Z" }
wheels = [
    { url = "https://files.pythonhosted.org/packages/1e/18/98a99ad95133c6a6e2005fe89faedf294a748bd5dc803008059409ac9b1e/python_dotenv-1.1.0-py3-none-any.whl", hash = "sha256:d7c01d9e2293916c18baf562d95698754b0dbbb5e74d457c45d4f6561fb9d55d", size = 20256, upload-time = "2025-03-25T10:14:55.034Z" },
]

[[package]]
name = "redis"
version = "6.2.0"
source = { registry = "https://pypi.org/simple" }
dependencies = [
    { name = "async-timeout", marker = "python_full_version < '3.11.3'" },
]
sdist = { url = "https://files.pythonhosted.org/packages/ea/9a/0551e01ba52b944f97480721656578c8a7c46b51b99d66814f85fe3a4f3e/redis-6.2.0.tar.gz", hash = "sha256:e821f129b75dde6cb99dd35e5c76e8c49512a5a0d8dfdc560b2fbd44b85ca977", size = 4639129, upload-time = "2025-05-28T05:01:18.91Z" }
wheels = [
    { url = "https://files.pythonhosted.org/packages/13/67/e60968d3b0e077495a8fee89cf3f2373db98e528288a48f1ee44967f6e8c/redis-6.2.0-py3-none-any.whl", hash = "sha256:c8ddf316ee0aab65f04a11229e94a64b2618451dab7a67cb2f77eb799d872d5e", size = 278659, upload-time = "2025-05-28T05:01:16.955Z" },
]

[package.optional-dependencies]
hiredis = [
    { name = "hiredis" },
]

[[package]]
name = "simple-job-queue"
version = "0.1.0"
source = { virtual = "." }
dependencies = [
    { name = "python-dotenv" },
    { name = "redis", extra = ["hiredis"] },
]

[package.metadata]
requires-dist = [
    { name = "python-dotenv", specifier = ">=1.1.0" },
    { name = "redis", extras = ["hiredis"], specifier = ">=6.2.0" },
]
